// !$*UTF8*$!
{
	archiveVersion = 1;
	classes = {
	};
	objectVersion = 46;
	objects = {

/* Begin PBXBuildFile section */
		6815B36F1CA1D0CA00E190CC /* MagicalCreature.m in Sources */ = {isa = PBXBuildFile; fileRef = 6815B36E1CA1D0CA00E190CC /* MagicalCreature.m */; };
		E223D0321CA1D01000827ACE /* main.m in Sources */ = {isa = PBXBuildFile; fileRef = E223D0311CA1D01000827ACE /* main.m */; };
		E223D0351CA1D01000827ACE /* AppDelegate.m in Sources */ = {isa = PBXBuildFile; fileRef = E223D0341CA1D01000827ACE /* AppDelegate.m */; };
		E223D0381CA1D01000827ACE /* RootViewController.m in Sources */ = {isa = PBXBuildFile; fileRef = E223D0371CA1D01000827ACE /* RootViewController.m */; };
		E223D03B1CA1D01000827ACE /* Main.storyboard in Resources */ = {isa = PBXBuildFile; fileRef = E223D0391CA1D01000827ACE /* Main.storyboard */; };
		E223D03D1CA1D01000827ACE /* Assets.xcassets in Resources */ = {isa = PBXBuildFile; fileRef = E223D03C1CA1D01000827ACE /* Assets.xcassets */; };
		E223D0401CA1D01000827ACE /* LaunchScreen.storyboard in Resources */ = {isa = PBXBuildFile; fileRef = E223D03E1CA1D01000827ACE /* LaunchScreen.storyboard */; };
		E223D0491CA1DFEA00827ACE /* CreatureViewController.m in Sources */ = {isa = PBXBuildFile; fileRef = E223D0481CA1DFEA00827ACE /* CreatureViewController.m */; };
/* End PBXBuildFile section */

/* Begin PBXFileReference section */
		6815B36D1CA1D0CA00E190CC /* MagicalCreature.h */ = {isa = PBXFileReference; fileEncoding = 4; lastKnownFileType = sourcecode.c.h; name = MagicalCreature.h; path = MCMS/MagicalCreature.h; sourceTree = "<group>"; };
		6815B36E1CA1D0CA00E190CC /* MagicalCreature.m */ = {isa = PBXFileReference; fileEncoding = 4; lastKnownFileType = sourcecode.c.objc; name = MagicalCreature.m; path = MCMS/MagicalCreature.m; sourceTree = "<group>"; };
		E223D02D1CA1D01000827ACE /* MCMS.app */ = {isa = PBXFileReference; explicitFileType = wrapper.application; includeInIndex = 0; path = MCMS.app; sourceTree = BUILT_PRODUCTS_DIR; };
		E223D0311CA1D01000827ACE /* main.m */ = {isa = PBXFileReference; lastKnownFileType = sourcecode.c.objc; path = main.m; sourceTree = "<group>"; };
		E223D0331CA1D01000827ACE /* AppDelegate.h */ = {isa = PBXFileReference; lastKnownFileType = sourcecode.c.h; path = AppDelegate.h; sourceTree = "<group>"; };
		E223D0341CA1D01000827ACE /* AppDelegate.m */ = {isa = PBXFileReference; lastKnownFileType = sourcecode.c.objc; path = AppDelegate.m; sourceTree = "<group>"; };
		E223D0361CA1D01000827ACE /* RootViewController.h */ = {isa = PBXFileReference; lastKnownFileType = sourcecode.c.h; path = RootViewController.h; sourceTree = "<group>"; };
		E223D0371CA1D01000827ACE /* RootViewController.m */ = {isa = PBXFileReference; lastKnownFileType = sourcecode.c.objc; path = RootViewController.m; sourceTree = "<group>"; };
		E223D03A1CA1D01000827ACE /* Base */ = {isa = PBXFileReference; lastKnownFileType = file.storyboard; name = Base; path = Base.lproj/Main.storyboard; sourceTree = "<group>"; };
		E223D03C1CA1D01000827ACE /* Assets.xcassets */ = {isa = PBXFileReference; lastKnownFileType = folder.assetcatalog; path = Assets.xcassets; sourceTree = "<group>"; };
		E223D03F1CA1D01000827ACE /* Base */ = {isa = PBXFileReference; lastKnownFileType = file.storyboard; name = Base; path = Base.lproj/LaunchScreen.storyboard; sourceTree = "<group>"; };
		E223D0411CA1D01000827ACE /* Info.plist */ = {isa = PBXFileReference; lastKnownFileType = text.plist.xml; path = Info.plist; sourceTree = "<group>"; };
		E223D0471CA1DFEA00827ACE /* CreatureViewController.h */ = {isa = PBXFileReference; fileEncoding = 4; lastKnownFileType = sourcecode.c.h; path = CreatureViewController.h; sourceTree = "<group>"; };
		E223D0481CA1DFEA00827ACE /* CreatureViewController.m */ = {isa = PBXFileReference; fileEncoding = 4; lastKnownFileType = sourcecode.c.objc; path = CreatureViewController.m; sourceTree = "<group>"; };
/* End PBXFileReference section */

/* Begin PBXFrameworksBuildPhase section */
		E223D02A1CA1D01000827ACE /* Frameworks */ = {
			isa = PBXFrameworksBuildPhase;
			buildActionMask = 2147483647;
			files = (
			);
			runOnlyForDeploymentPostprocessing = 0;
		};
/* End PBXFrameworksBuildPhase section */

/* Begin PBXGroup section */
		E223D0241CA1D01000827ACE = {
			isa = PBXGroup;
			children = (
				6815B36D1CA1D0CA00E190CC /* MagicalCreature.h */,
				6815B36E1CA1D0CA00E190CC /* MagicalCreature.m */,
				E223D02F1CA1D01000827ACE /* MCMS */,
				E223D02E1CA1D01000827ACE /* Products */,
			);
			sourceTree = "<group>";
		};
		E223D02E1CA1D01000827ACE /* Products */ = {
			isa = PBXGroup;
			children = (
				E223D02D1CA1D01000827ACE /* MCMS.app */,
			);
			name = Products;
			sourceTree = "<group>";
		};
		E223D02F1CA1D01000827ACE /* MCMS */ = {
			isa = PBXGroup;
			children = (
				E223D0331CA1D01000827ACE /* AppDelegate.h */,
				E223D0341CA1D01000827ACE /* AppDelegate.m */,
				E223D0361CA1D01000827ACE /* RootViewController.h */,
				E223D0371CA1D01000827ACE /* RootViewController.m */,
				E223D0391CA1D01000827ACE /* Main.storyboard */,
				E223D0471CA1DFEA00827ACE /* CreatureViewController.h */,
				E223D0481CA1DFEA00827ACE /* CreatureViewController.m */,
				E223D03C1CA1D01000827ACE /* Assets.xcassets */,
				E223D03E1CA1D01000827ACE /* LaunchScreen.storyboard */,
				E223D0411CA1D01000827ACE /* Info.plist */,
				E223D0301CA1D01000827ACE /* Supporting Files */,
			);
			path = MCMS;
			sourceTree = "<group>";
		};
		E223D0301CA1D01000827ACE /* Supporting Files */ = {
			isa = PBXGroup;
			children = (
				E223D0311CA1D01000827ACE /* main.m */,
			);
			name = "Supporting Files";
			sourceTree = "<group>";
		};
/* End PBXGroup section */

/* Begin PBXNativeTarget section */
		E223D02C1CA1D01000827ACE /* MCMS */ = {
			isa = PBXNativeTarget;
			buildConfigurationList = E223D0441CA1D01000827ACE /* Build configuration list for PBXNativeTarget "MCMS" */;
			buildPhases = (
				E223D0291CA1D01000827ACE /* Sources */,
				E223D02A1CA1D01000827ACE /* Frameworks */,
				E223D02B1CA1D01000827ACE /* Resources */,
			);
			buildRules = (
			);
			dependencies = (
			);
			name = MCMS;
			productName = MCMS;
			productReference = E223D02D1CA1D01000827ACE /* MCMS.app */;
			productType = "com.apple.product-type.application";
		};
/* End PBXNativeTarget section */

/* Begin PBXProject section */
		E223D0251CA1D01000827ACE /* Project object */ = {
			isa = PBXProject;
			attributes = {
				LastUpgradeCheck = 0730;
				ORGANIZATIONNAME = "Dan Park";
				TargetAttributes = {
					E223D02C1CA1D01000827ACE = {
						CreatedOnToolsVersion = 7.3;
					};
				};
			};
			buildConfigurationList = E223D0281CA1D01000827ACE /* Build configuration list for PBXProject "MCMS" */;
			compatibilityVersion = "Xcode 3.2";
			developmentRegion = English;
			hasScannedForEncodings = 0;
			knownRegions = (
				en,
				Base,
			);
			mainGroup = E223D0241CA1D01000827ACE;
			productRefGroup = E223D02E1CA1D01000827ACE /* Products */;
			projectDirPath = "";
			projectRoot = "";
			targets = (
				E223D02C1CA1D01000827ACE /* MCMS */,
			);
		};
/* End PBXProject section */

/* Begin PBXResourcesBuildPhase section */
		E223D02B1CA1D01000827ACE /* Resources */ = {
			isa = PBXResourcesBuildPhase;
			buildActionMask = 2147483647;
			files = (
				E223D0401CA1D01000827ACE /* LaunchScreen.storyboard in Resources */,
				E223D03D1CA1D01000827ACE /* Assets.xcassets in Resources */,
				E223D03B1CA1D01000827ACE /* Main.storyboard in Resources */,
			);
			runOnlyForDeploymentPostprocessing = 0;
		};
/* End PBXResourcesBuildPhase section */

/* Begin PBXSourcesBuildPhase section */
		E223D0291CA1D01000827ACE /* Sources */ = {
			isa = PBXSourcesBuildPhase;
			buildActionMask = 2147483647;
			files = (
				E223D0381CA1D01000827ACE /* RootViewController.m in Sources */,
				6815B36F1CA1D0CA00E190CC /* MagicalCreature.m in Sources */,
				E223D0351CA1D01000827ACE /* AppDelegate.m in Sources */,
				E223D0491CA1DFEA00827ACE /* CreatureViewController.m in Sources */,
				E223D0321CA1D01000827ACE /* main.m in Sources */,
			);
			runOnlyForDeploymentPostprocessing = 0;
		};
/* End PBXSourcesBuildPhase section */

/* Begin PBXVariantGroup section */
		E223D0391CA1D01000827ACE /* Main.storyboard */ = {
			isa = PBXVariantGroup;
			children = (
				E223D03A1CA1D01000827ACE /* Base */,
			);
			name = Main.storyboard;
			sourceTree = "<group>";
		};
		E223D03E1CA1D01000827ACE /* LaunchScreen.storyboard */ = {
			isa = PBXVariantGroup;
			children = (
				E223D03F1CA1D01000827ACE /* Base */,
			);
			name = LaunchScreen.storyboard;
			sourceTree = "<group>";
		};
/* End PBXVariantGroup section */

/* Begin XCBuildConfiguration section */
		E223D0421CA1D01000827ACE /* Debug */ = {
			isa = XCBuildConfiguration;
			buildSettings = {
				ALWAYS_SEARCH_USER_PATHS = NO;
				CLANG_ANALYZER_NONNULL = YES;
				CLANG_CXX_LANGUAGE_STANDARD = "gnu++0x";
				CLANG_CXX_LIBRARY = "libc++";
				CLANG_ENABLE_MODULES = YES;
				CLANG_ENABLE_OBJC_ARC = YES;
				CLANG_WARN_BOOL_CONVERSION = YES;
				CLANG_WARN_CONSTANT_CONVERSION = YES;
				CLANG_WARN_DIRECT_OBJC_ISA_USAGE = YES_ERROR;
				CLANG_WARN_EMPTY_BODY = YES;
				CLANG_WARN_ENUM_CONVERSION = YES;
				CLANG_WARN_INT_CONVERSION = YES;
				CLANG_WARN_OBJC_ROOT_CLASS = YES_ERROR;
				CLANG_WARN_UNREACHABLE_CODE = YES;
				CLANG_WARN__DUPLICATE_METHOD_MATCH = YES;
				"CODE_SIGN_IDENTITY[sdk=iphoneos*]" = "iPhone Developer";
				COPY_PHASE_STRIP = NO;
				DEBUG_INFORMATION_FORMAT = dwarf;
				ENABLE_STRICT_OBJC_MSGSEND = YES;
				ENABLE_TESTABILITY = YES;
				GCC_C_LANGUAGE_STANDARD = gnu99;
				GCC_DYNAMIC_NO_PIC = NO;
				GCC_NO_COMMON_BLOCKS = YES;
				GCC_OPTIMIZATION_LEVEL = 0;
				GCC_PREPROCESSOR_DEFINITIONS = (
					"DEBUG=1",
					"$(inherited)",
				);
				GCC_WARN_64_TO_32_BIT_CONVERSION = YES;
				GCC_WARN_ABOUT_RETURN_TYPE = YES_ERROR;
				GCC_WARN_UNDECLARED_SELECTOR = YES;
				GCC_WARN_UNINITIALIZED_AUTOS = YES_AGGRESSIVE;
				GCC_WARN_UNUSED_FUNCTION = YES;
				GCC_WARN_UNUSED_VARIABLE = YES;
				IPHONEOS_DEPLOYMENT_TARGET = 9.2;
				MTL_ENABLE_DEBUG_INFO = YES;
				ONLY_ACTIVE_ARCH = YES;
				SDKROOT = iphoneos;
			};
			name = Debug;
		};
		E223D0431CA1D01000827ACE /* Release */ = {
			isa = XCBuildConfiguration;
			buildSettings = {
				ALWAYS_SEARCH_USER_PATHS = NO;
				CLANG_ANALYZER_NONNULL = YES;
				CLANG_CXX_LANGUAGE_STANDARD = "gnu++0x";
				CLANG_CXX_LIBRARY = "libc++";
				CLANG_ENABLE_MODULES = YES;
				CLANG_ENABLE_OBJC_ARC = YES;
				CLANG_WARN_BOOL_CONVERSION = YES;
				CLANG_WARN_CONSTANT_CONVERSION = YES;
				CLANG_WARN_DIRECT_OBJC_ISA_USAGE = YES_ERROR;
				CLANG_WARN_EMPTY_BODY = YES;
				CLANG_WARN_ENUM_CONVERSION = YES;
				CLANG_WARN_INT_CONVERSION = YES;
				CLANG_WARN_OBJC_ROOT_CLASS = YES_ERROR;
				CLANG_WARN_UNREACHABLE_CODE = YES;
				CLANG_WARN__DUPLICATE_METHOD_MATCH = YES;
				"CODE_SIGN_IDENTITY[sdk=iphoneos*]" = "iPhone Developer";
				COPY_PHASE_STRIP = NO;
				DEBUG_INFORMATION_FORMAT = "dwarf-with-dsym";
				ENABLE_NS_ASSERTIONS = NO;
				ENABLE_STRICT_OBJC_MSGSEND = YES;
				GCC_C_LANGUAGE_STANDARD = gnu99;
				GCC_NO_COMMON_BLOCKS = YES;
				GCC_WARN_64_TO_32_BIT_CONVERSION = YES;
				GCC_WARN_ABOUT_RETURN_TYPE = YES_ERROR;
				GCC_WARN_UNDECLARED_SELECTOR = YES;
				GCC_WARN_UNINITIALIZED_AUTOS = YES_AGGRESSIVE;
				GCC_WARN_UNUSED_FUNCTION = YES;
				GCC_WARN_UNUSED_VARIABLE = YES;
				IPHONEOS_DEPLOYMENT_TARGET = 9.2;
				MTL_ENABLE_DEBUG_INFO = NO;
				SDKROOT = iphoneos;
				VALIDATE_PRODUCT = YES;
			};
			name = Release;
		};
		E223D0451CA1D01000827ACE /* Debug */ = {
			isa = XCBuildConfiguration;
			buildSettings = {
				ASSETCATALOG_COMPILER_APPICON_NAME = AppIcon;
				INFOPLIST_FILE = MCMS/Info.plist;
				IPHONEOS_DEPLOYMENT_TARGET = 9.2;
				LD_RUNPATH_SEARCH_PATHS = "$(inherited) @executable_path/Frameworks";
				PRODUCT_BUNDLE_IDENTIFIER = dp.MCMS;
				PRODUCT_NAME = "$(TARGET_NAME)";
			};
			name = Debug;
		};
		E223D0461CA1D01000827ACE /* Release */ = {
			isa = XCBuildConfiguration;
			buildSettings = {
				ASSETCATALOG_COMPILER_APPICON_NAME = AppIcon;
				INFOPLIST_FILE = MCMS/Info.plist;
				IPHONEOS_DEPLOYMENT_TARGET = 9.2;
				LD_RUNPATH_SEARCH_PATHS = "$(inherited) @executable_path/Frameworks";
				PRODUCT_BUNDLE_IDENTIFIER = dp.MCMS;
				PRODUCT_NAME = "$(TARGET_NAME)";
			};
			name = Release;
		};
/* End XCBuildConfiguration section */

/* Begin XCConfigurationList section */
		E223D0281CA1D01000827ACE /* Build configuration list for PBXProject "MCMS" */ = {
			isa = XCConfigurationList;
			buildConfigurations = (
				E223D0421CA1D01000827ACE /* Debug */,
				E223D0431CA1D01000827ACE /* Release */,
			);
			defaultConfigurationIsVisible = 0;
			defaultConfigurationName = Release;
		};
		E223D0441CA1D01000827ACE /* Build configuration list for PBXNativeTarget "MCMS" */ = {
			isa = XCConfigurationList;
			buildConfigurations = (
				E223D0451CA1D01000827ACE /* Debug */,
				E223D0461CA1D01000827ACE /* Release */,
			);
			defaultConfigurationIsVisible = 0;
			defaultConfigurationName = Release;
		};
/* End XCConfigurationList section */
	};
	rootObject = E223D0251CA1D01000827ACE /* Project object */;
}
